
Microsoft Visual Studio Solution File, Format Version 12.00
# Visual Studio Version 17
VisualStudioVersion = 17.14.36811.4
MinimumVisualStudioVersion = 10.0.40219.1
Project("{FAE04EC0-301F-11D3-BF4B-00C04F79EFBC}") = "OpenCvStudy", "OpenCvStudy.csproj", "{FDBF1C73-48D1-4C87-A7EA-FEA3C50B9F47}"
EndProject
Project("{8BC9CEB8-8B4A-11D0-8D11-00A0C91BC942}") = "OpenCvBackend", "OpenCvBackend\OpenCvBackend\OpenCvBackend.vcxproj", "{B2905BD7-2488-1524-161D-85FE22AF49F7}"
EndProject
Project("{FAE04EC0-301F-11D3-BF4B-00C04F79EFBC}") = "OpenCvBackend.ImageTests", "OpenCvBackend\OpenCvBackend.ImageTests\OpenCvBackend.ImageTests.csproj", "{D8B5E991-3B4D-4C53-A6BF-8A7F5CF6C2B1}"
EndProject
Global
	GlobalSection(SolutionConfigurationPlatforms) = preSolution
		Debug|Any CPU = Debug|Any CPU
		Debug|x64 = Debug|x64
		Debug|x86 = Debug|x86
		Release|Any CPU = Release|Any CPU
		Release|x64 = Release|x64
		Release|x86 = Release|x86
	EndGlobalSection
	GlobalSection(ProjectConfigurationPlatforms) = postSolution
		{FDBF1C73-48D1-4C87-A7EA-FEA3C50B9F47}.Debug|Any CPU.ActiveCfg = Debug|Any CPU
		{FDBF1C73-48D1-4C87-A7EA-FEA3C50B9F47}.Debug|Any CPU.Build.0 = Debug|Any CPU
		{FDBF1C73-48D1-4C87-A7EA-FEA3C50B9F47}.Debug|x64.ActiveCfg = Debug|Any CPU
		{FDBF1C73-48D1-4C87-A7EA-FEA3C50B9F47}.Debug|x64.Build.0 = Debug|Any CPU
		{FDBF1C73-48D1-4C87-A7EA-FEA3C50B9F47}.Debug|x86.ActiveCfg = Debug|Any CPU
		{FDBF1C73-48D1-4C87-A7EA-FEA3C50B9F47}.Debug|x86.Build.0 = Debug|Any CPU
		{FDBF1C73-48D1-4C87-A7EA-FEA3C50B9F47}.Release|Any CPU.ActiveCfg = Release|Any CPU
		{FDBF1C73-48D1-4C87-A7EA-FEA3C50B9F47}.Release|Any CPU.Build.0 = Release|Any CPU
		{FDBF1C73-48D1-4C87-A7EA-FEA3C50B9F47}.Release|x64.ActiveCfg = Release|Any CPU
		{FDBF1C73-48D1-4C87-A7EA-FEA3C50B9F47}.Release|x64.Build.0 = Release|Any CPU
		{FDBF1C73-48D1-4C87-A7EA-FEA3C50B9F47}.Release|x86.ActiveCfg = Release|Any CPU
		{FDBF1C73-48D1-4C87-A7EA-FEA3C50B9F47}.Release|x86.Build.0 = Release|Any CPU
		{B2905BD7-2488-1524-161D-85FE22AF49F7}.Debug|Any CPU.ActiveCfg = Debug|x64
		{B2905BD7-2488-1524-161D-85FE22AF49F7}.Debug|Any CPU.Build.0 = Debug|x64
		{B2905BD7-2488-1524-161D-85FE22AF49F7}.Debug|x64.ActiveCfg = Debug|x64
		{B2905BD7-2488-1524-161D-85FE22AF49F7}.Debug|x64.Build.0 = Debug|x64
		{B2905BD7-2488-1524-161D-85FE22AF49F7}.Debug|x86.ActiveCfg = Debug|Win32
		{B2905BD7-2488-1524-161D-85FE22AF49F7}.Debug|x86.Build.0 = Debug|Win32
		{B2905BD7-2488-1524-161D-85FE22AF49F7}.Release|Any CPU.ActiveCfg = Release|x64
		{B2905BD7-2488-1524-161D-85FE22AF49F7}.Release|Any CPU.Build.0 = Release|x64
		{B2905BD7-2488-1524-161D-85FE22AF49F7}.Release|x64.ActiveCfg = Release|x64
		{B2905BD7-2488-1524-161D-85FE22AF49F7}.Release|x64.Build.0 = Release|x64
		{B2905BD7-2488-1524-161D-85FE22AF49F7}.Release|x86.ActiveCfg = Release|Win32
		{B2905BD7-2488-1524-161D-85FE22AF49F7}.Release|x86.Build.0 = Release|Win32
		{D8B5E991-3B4D-4C53-A6BF-8A7F5CF6C2B1}.Debug|Any CPU.ActiveCfg = Debug|x64
		{D8B5E991-3B4D-4C53-A6BF-8A7F5CF6C2B1}.Debug|Any CPU.Build.0 = Debug|x64
		{D8B5E991-3B4D-4C53-A6BF-8A7F5CF6C2B1}.Debug|x64.ActiveCfg = Debug|x64
		{D8B5E991-3B4D-4C53-A6BF-8A7F5CF6C2B1}.Debug|x64.Build.0 = Debug|x64
		{D8B5E991-3B4D-4C53-A6BF-8A7F5CF6C2B1}.Debug|x86.ActiveCfg = Debug|x64
		{D8B5E991-3B4D-4C53-A6BF-8A7F5CF6C2B1}.Release|Any CPU.ActiveCfg = Release|x64
		{D8B5E991-3B4D-4C53-A6BF-8A7F5CF6C2B1}.Release|Any CPU.Build.0 = Release|x64
		{D8B5E991-3B4D-4C53-A6BF-8A7F5CF6C2B1}.Release|x64.ActiveCfg = Release|x64
		{D8B5E991-3B4D-4C53-A6BF-8A7F5CF6C2B1}.Release|x64.Build.0 = Release|x64
		{D8B5E991-3B4D-4C53-A6BF-8A7F5CF6C2B1}.Release|x86.ActiveCfg = Release|x64
	EndGlobalSection
	GlobalSection(SolutionProperties) = preSolution
		HideSolutionNode = FALSE
	EndGlobalSection
	GlobalSection(ExtensibilityGlobals) = postSolution
		SolutionGuid = {DB8A53F4-62C9-4368-B29A-B6F7DD69F9E4}
	EndGlobalSection
EndGlobal
